// !$*UTF8*$!
{
	archiveVersion = 1;
	classes = {
	};
	objectVersion = 50;
	objects = {

/* Begin PBXBuildFile section */
		C96CDF80244768AB00BDA6FF /* mua-ha-ha.mp3 in Resources */ = {isa = PBXBuildFile; fileRef = C96CDF7F244768AB00BDA6FF /* mua-ha-ha.mp3 */; };
		C96CDF82244768D900BDA6FF /* bazinga.mp3 in Resources */ = {isa = PBXBuildFile; fileRef = C96CDF81244768D800BDA6FF /* bazinga.mp3 */; };
		C96CDF84244768FB00BDA6FF /* penny.mp3 in Resources */ = {isa = PBXBuildFile; fileRef = C96CDF83244768FB00BDA6FF /* penny.mp3 */; };
		C997544F243E00370057B526 /* AppDelegate.swift in Sources */ = {isa = PBXBuildFile; fileRef = C997544E243E00370057B526 /* AppDelegate.swift */; };
		C9975451243E00370057B526 /* SceneDelegate.swift in Sources */ = {isa = PBXBuildFile; fileRef = C9975450243E00370057B526 /* SceneDelegate.swift */; };
		C9975453243E00370057B526 /* ViewController.swift in Sources */ = {isa = PBXBuildFile; fileRef = C9975452243E00370057B526 /* ViewController.swift */; };
		C9975456243E00370057B526 /* Main.storyboard in Resources */ = {isa = PBXBuildFile; fileRef = C9975454243E00370057B526 /* Main.storyboard */; };
		C9975458243E00390057B526 /* Assets.xcassets in Resources */ = {isa = PBXBuildFile; fileRef = C9975457243E00390057B526 /* Assets.xcassets */; };
		C997545B243E00390057B526 /* LaunchScreen.storyboard in Resources */ = {isa = PBXBuildFile; fileRef = C9975459243E00390057B526 /* LaunchScreen.storyboard */; };
/* End PBXBuildFile section */

/* Begin PBXFileReference section */
		C96CDF7F244768AB00BDA6FF /* mua-ha-ha.mp3 */ = {isa = PBXFileReference; lastKnownFileType = audio.mp3; name = "mua-ha-ha.mp3"; path = "../../sounds/mua-ha-ha.mp3"; sourceTree = "<group>"; };
		C96CDF81244768D800BDA6FF /* bazinga.mp3 */ = {isa = PBXFileReference; lastKnownFileType = audio.mp3; path = bazinga.mp3; sourceTree = "<group>"; };
		C96CDF83244768FB00BDA6FF /* penny.mp3 */ = {isa = PBXFileReference; lastKnownFileType = audio.mp3; path = penny.mp3; sourceTree = "<group>"; };
		C997544B243E00370057B526 /* Sheldon Cooper.app */ = {isa = PBXFileReference; explicitFileType = wrapper.application; includeInIndex = 0; path = "Sheldon Cooper.app"; sourceTree = BUILT_PRODUCTS_DIR; };
		C997544E243E00370057B526 /* AppDelegate.swift */ = {isa = PBXFileReference; lastKnownFileType = sourcecode.swift; path = AppDelegate.swift; sourceTree = "<group>"; };
		C9975450243E00370057B526 /* SceneDelegate.swift */ = {isa = PBXFileReference; lastKnownFileType = sourcecode.swift; path = SceneDelegate.swift; sourceTree = "<group>"; };
		C9975452243E00370057B526 /* ViewController.swift */ = {isa = PBXFileReference; lastKnownFileType = sourcecode.swift; path = ViewController.swift; sourceTree = "<group>"; };
		C9975455243E00370057B526 /* Base */ = {isa = PBXFileReference; lastKnownFileType = file.storyboard; name = Base; path = Base.lproj/Main.storyboard; sourceTree = "<group>"; };
		C9975457243E00390057B526 /* Assets.xcassets */ = {isa = PBXFileReference; lastKnownFileType = folder.assetcatalog; path = Assets.xcassets; sourceTree = "<group>"; };
		C997545A243E00390057B526 /* Base */ = {isa = PBXFileReference; lastKnownFileType = file.storyboard; name = Base; path = Base.lproj/LaunchScreen.storyboard; sourceTree = "<group>"; };
		C997545C243E00390057B526 /* Info.plist */ = {isa = PBXFileReference; lastKnownFileType = text.plist.xml; path = Info.plist; sourceTree = "<group>"; };
/* End PBXFileReference section */

/* Begin PBXFrameworksBuildPhase section */
		C9975448243E00370057B526 /* Frameworks */ = {
			isa = PBXFrameworksBuildPhase;
			buildActionMask = 2147483647;
			files = (
			);
			runOnlyForDeploymentPostprocessing = 0;
		};
/* End PBXFrameworksBuildPhase section */

/* Begin PBXGroup section */
		C9975442243E00370057B526 = {
			isa = PBXGroup;
			children = (
				C997544D243E00370057B526 /* Sheldon Cooper */,
				C997544C243E00370057B526 /* Products */,
			);
			sourceTree = "<group>";
		};
		C997544C243E00370057B526 /* Products */ = {
			isa = PBXGroup;
			children = (
				C997544B243E00370057B526 /* Sheldon Cooper.app */,
			);
			name = Products;
			sourceTree = "<group>";
		};
		C997544D243E00370057B526 /* Sheldon Cooper */ = {
			isa = PBXGroup;
			children = (
				C997544E243E00370057B526 /* AppDelegate.swift */,
				C9975450243E00370057B526 /* SceneDelegate.swift */,
				C9975452243E00370057B526 /* ViewController.swift */,
				C9975454243E00370057B526 /* Main.storyboard */,
				C9975457243E00390057B526 /* Assets.xcassets */,
				C96CDF7F244768AB00BDA6FF /* mua-ha-ha.mp3 */,
				C96CDF81244768D800BDA6FF /* bazinga.mp3 */,
				C96CDF83244768FB00BDA6FF /* penny.mp3 */,
				C9975459243E00390057B526 /* LaunchScreen.storyboard */,
				C997545C243E00390057B526 /* Info.plist */,
			);
			path = "Sheldon Cooper";
			sourceTree = "<group>";
		};
/* End PBXGroup section */

/* Begin PBXNativeTarget section */
		C997544A243E00370057B526 /* Sheldon Cooper */ = {
			isa = PBXNativeTarget;
			buildConfigurationList = C997545F243E00390057B526 /* Build configuration list for PBXNativeTarget "Sheldon Cooper" */;
			buildPhases = (
				C9975447243E00370057B526 /* Sources */,
				C9975448243E00370057B526 /* Frameworks */,
				C9975449243E00370057B526 /* Resources */,
			);
			buildRules = (
			);
			dependencies = (
			);
			name = "Sheldon Cooper";
			productName = "Sheldon Cooper";
			productReference = C997544B243E00370057B526 /* Sheldon Cooper.app */;
			productType = "com.apple.product-type.application";
		};
/* End PBXNativeTarget section */

/* Begin PBXProject section */
		C9975443243E00370057B526 /* Project object */ = {
			isa = PBXProject;
			attributes = {
				LastSwiftUpdateCheck = 1140;
				LastUpgradeCheck = 1140;
				ORGANIZATIONNAME = "Damian Jahn";
				TargetAttributes = {
					C997544A243E00370057B526 = {
						CreatedOnToolsVersion = 11.4;
					};
				};
			};
			buildConfigurationList = C9975446243E00370057B526 /* Build configuration list for PBXProject "Sheldon Cooper" */;
			compatibilityVersion = "Xcode 9.3";
			developmentRegion = en;
			hasScannedForEncodings = 0;
			knownRegions = (
				en,
				Base,
			);
			mainGroup = C9975442243E00370057B526;
			productRefGroup = C997544C243E00370057B526 /* Products */;
			projectDirPath = "";
			projectRoot = "";
			targets = (
				C997544A243E00370057B526 /* Sheldon Cooper */,
			);
		};
/* End PBXProject section */

/* Begin PBXResourcesBuildPhase section */
		C9975449243E00370057B526 /* Resources */ = {
			isa = PBXResourcesBuildPhase;
			buildActionMask = 2147483647;
			files = (
				C997545B243E00390057B526 /* LaunchScreen.storyboard in Resources */,
				C96CDF82244768D900BDA6FF /* bazinga.mp3 in Resources */,
				C9975458243E00390057B526 /* Assets.xcassets in Resources */,
				C96CDF80244768AB00BDA6FF /* mua-ha-ha.mp3 in Resources */,
				C9975456243E00370057B526 /* Main.storyboard in Resources */,
				C96CDF84244768FB00BDA6FF /* penny.mp3 in Resources */,
			);
			runOnlyForDeploymentPostprocessing = 0;
		};
/* End PBXResourcesBuildPhase section */

/* Begin PBXSourcesBuildPhase section */
		C9975447243E00370057B526 /* Sources */ = {
			isa = PBXSourcesBuildPhase;
			buildActionMask = 2147483647;
			files = (
				C9975453243E00370057B526 /* ViewController.swift in Sources */,
				C997544F243E00370057B526 /* AppDelegate.swift in Sources */,
				C9975451243E00370057B526 /* SceneDelegate.swift in Sources */,
			);
			runOnlyForDeploymentPostprocessing = 0;
		};
/* End PBXSourcesBuildPhase section */

/* Begin PBXVariantGroup section */
		C9975454243E00370057B526 /* Main.storyboard */ = {
			isa = PBXVariantGroup;
			children = (
				C9975455243E00370057B526 /* Base */,
			);
			name = Main.storyboard;
			sourceTree = "<group>";
		};
		C9975459243E00390057B526 /* LaunchScreen.storyboard */ = {
			isa = PBXVariantGroup;
			children = (
				C997545A243E00390057B526 /* Base */,
			);
			name = LaunchScreen.storyboard;
			sourceTree = "<group>";
		};
/* End PBXVariantGroup section */

/* Begin XCBuildConfiguration section */
		C997545D243E00390057B526 /* Debug */ = {
			isa = XCBuildConfiguration;
			buildSettings = {
				ALWAYS_SEARCH_USER_PATHS = NO;
				CLANG_ANALYZER_NONNULL = YES;
				CLANG_ANALYZER_NUMBER_OBJECT_CONVERSION = YES_AGGRESSIVE;
				CLANG_CXX_LANGUAGE_STANDARD = "gnu++14";
				CLANG_CXX_LIBRARY = "libc++";
				CLANG_ENABLE_MODULES = YES;
				CLANG_ENABLE_OBJC_ARC = YES;
				CLANG_ENABLE_OBJC_WEAK = YES;
				CLANG_WARN_BLOCK_CAPTURE_AUTORELEASING = YES;
				CLANG_WARN_BOOL_CONVERSION = YES;
				CLANG_WARN_COMMA = YES;
				CLANG_WARN_CONSTANT_CONVERSION = YES;
				CLANG_WARN_DEPRECATED_OBJC_IMPLEMENTATIONS = YES;
				CLANG_WARN_DIRECT_OBJC_ISA_USAGE = YES_ERROR;
				CLANG_WARN_DOCUMENTATION_COMMENTS = YES;
				CLANG_WARN_EMPTY_BODY = YES;
				CLANG_WARN_ENUM_CONVERSION = YES;
				CLANG_WARN_INFINITE_RECURSION = YES;
				CLANG_WARN_INT_CONVERSION = YES;
				CLANG_WARN_NON_LITERAL_NULL_CONVERSION = YES;
				CLANG_WARN_OBJC_IMPLICIT_RETAIN_SELF = YES;
				CLANG_WARN_OBJC_LITERAL_CONVERSION = YES;
				CLANG_WARN_OBJC_ROOT_CLASS = YES_ERROR;
				CLANG_WARN_RANGE_LOOP_ANALYSIS = YES;
				CLANG_WARN_STRICT_PROTOTYPES = YES;
				CLANG_WARN_SUSPICIOUS_MOVE = YES;
				CLANG_WARN_UNGUARDED_AVAILABILITY = YES_AGGRESSIVE;
				CLANG_WARN_UNREACHABLE_CODE = YES;
				CLANG_WARN__DUPLICATE_METHOD_MATCH = YES;
				COPY_PHASE_STRIP = NO;
				DEBUG_INFORMATION_FORMAT = dwarf;
				ENABLE_STRICT_OBJC_MSGSEND = YES;
				ENABLE_TESTABILITY = YES;
				GCC_C_LANGUAGE_STANDARD = gnu11;
				GCC_DYNAMIC_NO_PIC = NO;
				GCC_NO_COMMON_BLOCKS = YES;
				GCC_OPTIMIZATION_LEVEL = 0;
				GCC_PREPROCESSOR_DEFINITIONS = (
					"DEBUG=1",
					"$(inherited)",
				);
				GCC_WARN_64_TO_32_BIT_CONVERSION = YES;
				GCC_WARN_ABOUT_RETURN_TYPE = YES_ERROR;
				GCC_WARN_UNDECLARED_SELECTOR = YES;
				GCC_WARN_UNINITIALIZED_AUTOS = YES_AGGRESSIVE;
				GCC_WARN_UNUSED_FUNCTION = YES;
				GCC_WARN_UNUSED_VARIABLE = YES;
				IPHONEOS_DEPLOYMENT_TARGET = 13.4;
				MTL_ENABLE_DEBUG_INFO = INCLUDE_SOURCE;
				MTL_FAST_MATH = YES;
				ONLY_ACTIVE_ARCH = YES;
				SDKROOT = iphoneos;
				SWIFT_ACTIVE_COMPILATION_CONDITIONS = DEBUG;
				SWIFT_OPTIMIZATION_LEVEL = "-Onone";
			};
			name = Debug;
		};
		C997545E243E00390057B526 /* Release */ = {
			isa = XCBuildConfiguration;
			buildSettings = {
				ALWAYS_SEARCH_USER_PATHS = NO;
				CLANG_ANALYZER_NONNULL = YES;
				CLANG_ANALYZER_NUMBER_OBJECT_CONVERSION = YES_AGGRESSIVE;
				CLANG_CXX_LANGUAGE_STANDARD = "gnu++14";
				CLANG_CXX_LIBRARY = "libc++";
				CLANG_ENABLE_MODULES = YES;
				CLANG_ENABLE_OBJC_ARC = YES;
				CLANG_ENABLE_OBJC_WEAK = YES;
				CLANG_WARN_BLOCK_CAPTURE_AUTORELEASING = YES;
				CLANG_WARN_BOOL_CONVERSION = YES;
				CLANG_WARN_COMMA = YES;
				CLANG_WARN_CONSTANT_CONVERSION = YES;
				CLANG_WARN_DEPRECATED_OBJC_IMPLEMENTATIONS = YES;
				CLANG_WARN_DIRECT_OBJC_ISA_USAGE = YES_ERROR;
				CLANG_WARN_DOCUMENTATION_COMMENTS = YES;
				CLANG_WARN_EMPTY_BODY = YES;
				CLANG_WARN_ENUM_CONVERSION = YES;
				CLANG_WARN_INFINITE_RECURSION = YES;
				CLANG_WARN_INT_CONVERSION = YES;
				CLANG_WARN_NON_LITERAL_NULL_CONVERSION = YES;
				CLANG_WARN_OBJC_IMPLICIT_RETAIN_SELF = YES;
				CLANG_WARN_OBJC_LITERAL_CONVERSION = YES;
				CLANG_WARN_OBJC_ROOT_CLASS = YES_ERROR;
				CLANG_WARN_RANGE_LOOP_ANALYSIS = YES;
				CLANG_WARN_STRICT_PROTOTYPES = YES;
				CLANG_WARN_SUSPICIOUS_MOVE = YES;
				CLANG_WARN_UNGUARDED_AVAILABILITY = YES_AGGRESSIVE;
				CLANG_WARN_UNREACHABLE_CODE = YES;
				CLANG_WARN__DUPLICATE_METHOD_MATCH = YES;
				COPY_PHASE_STRIP = NO;
				DEBUG_INFORMATION_FORMAT = "dwarf-with-dsym";
				ENABLE_NS_ASSERTIONS = NO;
				ENABLE_STRICT_OBJC_MSGSEND = YES;
				GCC_C_LANGUAGE_STANDARD = gnu11;
				GCC_NO_COMMON_BLOCKS = YES;
				GCC_WARN_64_TO_32_BIT_CONVERSION = YES;
				GCC_WARN_ABOUT_RETURN_TYPE = YES_ERROR;
				GCC_WARN_UNDECLARED_SELECTOR = YES;
				GCC_WARN_UNINITIALIZED_AUTOS = YES_AGGRESSIVE;
				GCC_WARN_UNUSED_FUNCTION = YES;
				GCC_WARN_UNUSED_VARIABLE = YES;
				IPHONEOS_DEPLOYMENT_TARGET = 13.4;
				MTL_ENABLE_DEBUG_INFO = NO;
				MTL_FAST_MATH = YES;
				SDKROOT = iphoneos;
				SWIFT_COMPILATION_MODE = wholemodule;
				SWIFT_OPTIMIZATION_LEVEL = "-O";
				VALIDATE_PRODUCT = YES;
			};
			name = Release;
		};
		C9975460243E00390057B526 /* Debug */ = {
			isa = XCBuildConfiguration;
			buildSettings = {
				ASSETCATALOG_COMPILER_APPICON_NAME = AppIcon;
				CODE_SIGN_STYLE = Automatic;
				DEVELOPMENT_TEAM = 69A54N22P6;
				INFOPLIST_FILE = "Sheldon Cooper/Info.plist";
				LD_RUNPATH_SEARCH_PATHS = (
					"$(inherited)",
					"@executable_path/Frameworks",
				);
				PRODUCT_BUNDLE_IDENTIFIER = "pl.damianjahn.Sheldon-Cooper";
				PRODUCT_NAME = "$(TARGET_NAME)";
				SWIFT_VERSION = 5.0;
				TARGETED_DEVICE_FAMILY = "1,2";
			};
			name = Debug;
		};
		C9975461243E00390057B526 /* Release */ = {
			isa = XCBuildConfiguration;
			buildSettings = {
				ASSETCATALOG_COMPILER_APPICON_NAME = AppIcon;
				CODE_SIGN_STYLE = Automatic;
				DEVELOPMENT_TEAM = 69A54N22P6;
				INFOPLIST_FILE = "Sheldon Cooper/Info.plist";
				LD_RUNPATH_SEARCH_PATHS = (
					"$(inherited)",
					"@executable_path/Frameworks",
				);
				PRODUCT_BUNDLE_IDENTIFIER = "pl.damianjahn.Sheldon-Cooper";
				PRODUCT_NAME = "$(TARGET_NAME)";
				SWIFT_VERSION = 5.0;
				TARGETED_DEVICE_FAMILY = "1,2";
			};
			name = Release;
		};
/* End XCBuildConfiguration section */

/* Begin XCConfigurationList section */
		C9975446243E00370057B526 /* Build configuration list for PBXProject "Sheldon Cooper" */ = {
			isa = XCConfigurationList;
			buildConfigurations = (
				C997545D243E00390057B526 /* Debug */,
				C997545E243E00390057B526 /* Release */,
			);
			defaultConfigurationIsVisible = 0;
			defaultConfigurationName = Release;
		};
		C997545F243E00390057B526 /* Build configuration list for PBXNativeTarget "Sheldon Cooper" */ = {
			isa = XCConfigurationList;
			buildConfigurations = (
				C9975460243E00390057B526 /* Debug */,
				C9975461243E00390057B526 /* Release */,
			);
			defaultConfigurationIsVisible = 0;
			defaultConfigurationName = Release;
		};
/* End XCConfigurationList section */
	};
	rootObject = C9975443243E00370057B526 /* Project object */;
}
